
Microsoft Visual Studio Solution File, Format Version 12.00
# Visual Studio Version 17
VisualStudioVersion = 17.7.34031.279
MinimumVisualStudioVersion = 10.0.40219.1
Project("{FAE04EC0-301F-11D3-BF4B-00C04F79EFBC}") = "MyFirstApp", "MyFirstApp\MyFirstApp.csproj", "{3E6AB67D-1422-402E-80B7-77B3828CCE8D}"
EndProject
Global
	GlobalSection(SolutionConfigurationPlatforms) = preSolution
		Debug|Any CPU = Debug|Any CPU
		Release|Any CPU = Release|Any CPU
	EndGlobalSection
	GlobalSection(ProjectConfigurationPlatforms) = postSolution
		{3E6AB67D-1422-402E-80B7-77B3828CCE8D}.Debug|Any CPU.ActiveCfg = Debug|Any CPU
		{3E6AB67D-1422-402E-80B7-77B3828CCE8D}.Debug|Any CPU.Build.0 = Debug|Any CPU
		{3E6AB67D-1422-402E-80B7-77B3828CCE8D}.Release|Any CPU.ActiveCfg = Release|Any CPU
		{3E6AB67D-1422-402E-80B7-77B3828CCE8D}.Release|Any CPU.Build.0 = Release|Any CPU
	EndGlobalSection
	GlobalSection(SolutionProperties) = preSolution
		HideSolutionNode = FALSE
	EndGlobalSection
	GlobalSection(ExtensibilityGlobals) = postSolution
		SolutionGuid = {C42B27E9-D30F-4AF0-9F8A-58E760D74353}
	EndGlobalSection
EndGlobal
